PODS:
  - SDWebImage (5.19.7):
    - SDWebImage/Core (= 5.19.7)
  - SDWebImage/Core (5.19.7)

DEPENDENCIES:
  - SDWebImage

SPEC REPOS:
  trunk:
    - SDWebImage

SPEC CHECKSUMS:
  SDWebImage: 8a6b7b160b4d710e2a22b6900e25301075c34cb3

PODFILE CHECKSUM: fbdfb58b69a1935c67013f21cfebd52087100a47

COCOAPODS: 1.15.2
